
Microsoft Visual Studio Solution File, Format Version 12.00
# Visual Studio Version 16
VisualStudioVersion = 16.0.29728.190
MinimumVisualStudioVersion = 10.0.40219.1
Project("{FAE04EC0-301F-11D3-BF4B-00C04F79EFBC}") = "ConsoleApp_Test", "ConsoleApp_Test.csproj", "{577D4C7F-8549-46F6-84AF-F9C71482B500}"
EndProject
Global
	GlobalSection(SolutionConfigurationPlatforms) = preSolution
		Debug|Any CPU = Debug|Any CPU
		Release|Any CPU = Release|Any CPU
	EndGlobalSection
	GlobalSection(ProjectConfigurationPlatforms) = postSolution
		{577D4C7F-8549-46F6-84AF-F9C71482B500}.Debug|Any CPU.ActiveCfg = Debug|Any CPU
		{577D4C7F-8549-46F6-84AF-F9C71482B500}.Debug|Any CPU.Build.0 = Debug|Any CPU
		{577D4C7F-8549-46F6-84AF-F9C71482B500}.Release|Any CPU.ActiveCfg = Release|Any CPU
		{577D4C7F-8549-46F6-84AF-F9C71482B500}.Release|Any CPU.Build.0 = Release|Any CPU
	EndGlobalSection
	GlobalSection(SolutionProperties) = preSolution
		HideSolutionNode = FALSE
	EndGlobalSection
	GlobalSection(ExtensibilityGlobals) = postSolution
		SolutionGuid = {C89B3600-BB59-4295-93A3-C34521E6E953}
	EndGlobalSection
EndGlobal
